
Microsoft Visual Studio Solution File, Format Version 12.00
# Visual Studio Version 17
VisualStudioVersion = 17.13.35825.156
MinimumVisualStudioVersion = 10.0.40219.1
Project("{FAE04EC0-301F-11D3-BF4B-00C04F79EFBC}") = "ChatQueue", "ChatQueue.csproj", "{02D55409-FD1C-4158-8CCB-80BD013B1536}"
EndProject
Project("{FAE04EC0-301F-11D3-BF4B-00C04F79EFBC}") = "AgentCoordinator", "..\AgentCoordinator\AgentCoordinator.csproj", "{72102A37-0167-4938-B576-73D072FF1BDD}"
EndProject
Global
	GlobalSection(SolutionConfigurationPlatforms) = preSolution
		Debug|Any CPU = Debug|Any CPU
		Release|Any CPU = Release|Any CPU
	EndGlobalSection
	GlobalSection(ProjectConfigurationPlatforms) = postSolution
		{02D55409-FD1C-4158-8CCB-80BD013B1536}.Debug|Any CPU.ActiveCfg = Debug|Any CPU
		{02D55409-FD1C-4158-8CCB-80BD013B1536}.Debug|Any CPU.Build.0 = Debug|Any CPU
		{02D55409-FD1C-4158-8CCB-80BD013B1536}.Release|Any CPU.ActiveCfg = Release|Any CPU
		{02D55409-FD1C-4158-8CCB-80BD013B1536}.Release|Any CPU.Build.0 = Release|Any CPU
		{72102A37-0167-4938-B576-73D072FF1BDD}.Debug|Any CPU.ActiveCfg = Debug|Any CPU
		{72102A37-0167-4938-B576-73D072FF1BDD}.Debug|Any CPU.Build.0 = Debug|Any CPU
		{72102A37-0167-4938-B576-73D072FF1BDD}.Release|Any CPU.ActiveCfg = Release|Any CPU
		{72102A37-0167-4938-B576-73D072FF1BDD}.Release|Any CPU.Build.0 = Release|Any CPU
	EndGlobalSection
	GlobalSection(SolutionProperties) = preSolution
		HideSolutionNode = FALSE
	EndGlobalSection
	GlobalSection(ExtensibilityGlobals) = postSolution
		SolutionGuid = {4A574E32-809D-458F-AFE8-3E01AE35608B}
	EndGlobalSection
EndGlobal
